
Microsoft Visual Studio Solution File, Format Version 12.00
# Visual Studio Version 17
VisualStudioVersion = 17.11.35303.130
MinimumVisualStudioVersion = 10.0.40219.1
Project("{FAE04EC0-301F-11D3-BF4B-00C04F79EFBC}") = "BattleBots", "BattleBots.csproj", "{1C38A603-21E1-4E6A-95A6-0FE5410A98E6}"
EndProject
Global
	GlobalSection(SolutionConfigurationPlatforms) = preSolution
		Debug|Any CPU = Debug|Any CPU
		Release|Any CPU = Release|Any CPU
	EndGlobalSection
	GlobalSection(ProjectConfigurationPlatforms) = postSolution
		{1C38A603-21E1-4E6A-95A6-0FE5410A98E6}.Debug|Any CPU.ActiveCfg = Debug|Any CPU
		{1C38A603-21E1-4E6A-95A6-0FE5410A98E6}.Debug|Any CPU.Build.0 = Debug|Any CPU
		{1C38A603-21E1-4E6A-95A6-0FE5410A98E6}.Release|Any CPU.ActiveCfg = Release|Any CPU
		{1C38A603-21E1-4E6A-95A6-0FE5410A98E6}.Release|Any CPU.Build.0 = Release|Any CPU
	EndGlobalSection
	GlobalSection(SolutionProperties) = preSolution
		HideSolutionNode = FALSE
	EndGlobalSection
	GlobalSection(ExtensibilityGlobals) = postSolution
		SolutionGuid = {901259FC-9BE4-44A4-83EF-29CAACECA4D2}
	EndGlobalSection
EndGlobal
